// !$*UTF8*$!
{
	archiveVersion = 1;
	classes = {
	};
	objectVersion = 50;
	objects = {

/* Begin PBXBuildFile section */
		179C11D720DC4B7900EF9726 /* Pedestrian.swift in Sources */ = {isa = PBXBuildFile; fileRef = 179C11D620DC4B7900EF9726 /* Pedestrian.swift */; };
		179C11D920DC4CD300EF9726 /* Subway.swift in Sources */ = {isa = PBXBuildFile; fileRef = 179C11D820DC4CD300EF9726 /* Subway.swift */; };
		179C11DB20DC501100EF9726 /* Wagon.swift in Sources */ = {isa = PBXBuildFile; fileRef = 179C11DA20DC501100EF9726 /* Wagon.swift */; };
		179C11DD20DC511A00EF9726 /* Constants.swift in Sources */ = {isa = PBXBuildFile; fileRef = 179C11DC20DC511A00EF9726 /* Constants.swift */; };
		179C11DF20DC683E00EF9726 /* DistanceExtension.swift in Sources */ = {isa = PBXBuildFile; fileRef = 179C11DE20DC683E00EF9726 /* DistanceExtension.swift */; };
		17DC0B6920CE8C09001C8DF1 /* AppDelegate.swift in Sources */ = {isa = PBXBuildFile; fileRef = 17DC0B6820CE8C09001C8DF1 /* AppDelegate.swift */; };
		17DC0B6B20CE8C09001C8DF1 /* art.scnassets in Resources */ = {isa = PBXBuildFile; fileRef = 17DC0B6A20CE8C09001C8DF1 /* art.scnassets */; };
		17DC0B6D20CE8C09001C8DF1 /* ViewController.swift in Sources */ = {isa = PBXBuildFile; fileRef = 17DC0B6C20CE8C09001C8DF1 /* ViewController.swift */; };
		17DC0B7020CE8C09001C8DF1 /* Main.storyboard in Resources */ = {isa = PBXBuildFile; fileRef = 17DC0B6E20CE8C09001C8DF1 /* Main.storyboard */; };
		17DC0B7220CE8C0B001C8DF1 /* Assets.xcassets in Resources */ = {isa = PBXBuildFile; fileRef = 17DC0B7120CE8C0B001C8DF1 /* Assets.xcassets */; };
		17DC0B7520CE8C0B001C8DF1 /* LaunchScreen.storyboard in Resources */ = {isa = PBXBuildFile; fileRef = 17DC0B7320CE8C0B001C8DF1 /* LaunchScreen.storyboard */; };
		17DC0B7D20CE96D6001C8DF1 /* BluetoothSerial.swift in Sources */ = {isa = PBXBuildFile; fileRef = 17DC0B7C20CE96D6001C8DF1 /* BluetoothSerial.swift */; };
		17DC0B7F20CE9B2B001C8DF1 /* ScannerViewController.swift in Sources */ = {isa = PBXBuildFile; fileRef = 17DC0B7E20CE9B2B001C8DF1 /* ScannerViewController.swift */; };
/* End PBXBuildFile section */

/* Begin PBXFileReference section */
		179C11D620DC4B7900EF9726 /* Pedestrian.swift */ = {isa = PBXFileReference; lastKnownFileType = sourcecode.swift; path = Pedestrian.swift; sourceTree = "<group>"; };
		179C11D820DC4CD300EF9726 /* Subway.swift */ = {isa = PBXFileReference; lastKnownFileType = sourcecode.swift; path = Subway.swift; sourceTree = "<group>"; };
		179C11DA20DC501100EF9726 /* Wagon.swift */ = {isa = PBXFileReference; lastKnownFileType = sourcecode.swift; path = Wagon.swift; sourceTree = "<group>"; };
		179C11DC20DC511A00EF9726 /* Constants.swift */ = {isa = PBXFileReference; lastKnownFileType = sourcecode.swift; path = Constants.swift; sourceTree = "<group>"; };
		179C11DE20DC683E00EF9726 /* DistanceExtension.swift */ = {isa = PBXFileReference; lastKnownFileType = sourcecode.swift; path = DistanceExtension.swift; sourceTree = "<group>"; };
		17DC0B6520CE8C09001C8DF1 /* Escaping Flatlands.app */ = {isa = PBXFileReference; explicitFileType = wrapper.application; includeInIndex = 0; path = "Escaping Flatlands.app"; sourceTree = BUILT_PRODUCTS_DIR; };
		17DC0B6820CE8C09001C8DF1 /* AppDelegate.swift */ = {isa = PBXFileReference; lastKnownFileType = sourcecode.swift; path = AppDelegate.swift; sourceTree = "<group>"; };
		17DC0B6A20CE8C09001C8DF1 /* art.scnassets */ = {isa = PBXFileReference; lastKnownFileType = wrapper.scnassets; path = art.scnassets; sourceTree = "<group>"; };
		17DC0B6C20CE8C09001C8DF1 /* ViewController.swift */ = {isa = PBXFileReference; lastKnownFileType = sourcecode.swift; path = ViewController.swift; sourceTree = "<group>"; };
		17DC0B6F20CE8C09001C8DF1 /* Base */ = {isa = PBXFileReference; lastKnownFileType = file.storyboard; name = Base; path = Base.lproj/Main.storyboard; sourceTree = "<group>"; };
		17DC0B7120CE8C0B001C8DF1 /* Assets.xcassets */ = {isa = PBXFileReference; lastKnownFileType = folder.assetcatalog; path = Assets.xcassets; sourceTree = "<group>"; };
		17DC0B7420CE8C0B001C8DF1 /* Base */ = {isa = PBXFileReference; lastKnownFileType = file.storyboard; name = Base; path = Base.lproj/LaunchScreen.storyboard; sourceTree = "<group>"; };
		17DC0B7620CE8C0B001C8DF1 /* Info.plist */ = {isa = PBXFileReference; lastKnownFileType = text.plist.xml; path = Info.plist; sourceTree = "<group>"; };
		17DC0B7C20CE96D6001C8DF1 /* BluetoothSerial.swift */ = {isa = PBXFileReference; fileEncoding = 4; lastKnownFileType = sourcecode.swift; path = BluetoothSerial.swift; sourceTree = "<group>"; };
		17DC0B7E20CE9B2B001C8DF1 /* ScannerViewController.swift */ = {isa = PBXFileReference; lastKnownFileType = sourcecode.swift; path = ScannerViewController.swift; sourceTree = "<group>"; };
/* End PBXFileReference section */

/* Begin PBXFrameworksBuildPhase section */
		17DC0B6220CE8C09001C8DF1 /* Frameworks */ = {
			isa = PBXFrameworksBuildPhase;
			buildActionMask = 2147483647;
			files = (
			);
			runOnlyForDeploymentPostprocessing = 0;
		};
/* End PBXFrameworksBuildPhase section */

/* Begin PBXGroup section */
		17DC0B5C20CE8C09001C8DF1 = {
			isa = PBXGroup;
			children = (
				17DC0B6720CE8C09001C8DF1 /* Escaping Flatlands */,
				17DC0B6620CE8C09001C8DF1 /* Products */,
			);
			sourceTree = "<group>";
		};
		17DC0B6620CE8C09001C8DF1 /* Products */ = {
			isa = PBXGroup;
			children = (
				17DC0B6520CE8C09001C8DF1 /* Escaping Flatlands.app */,
			);
			name = Products;
			sourceTree = "<group>";
		};
		17DC0B6720CE8C09001C8DF1 /* Escaping Flatlands */ = {
			isa = PBXGroup;
			children = (
				17DC0B6820CE8C09001C8DF1 /* AppDelegate.swift */,
				17DC0B6A20CE8C09001C8DF1 /* art.scnassets */,
				17DC0B6C20CE8C09001C8DF1 /* ViewController.swift */,
				17DC0B6E20CE8C09001C8DF1 /* Main.storyboard */,
				17DC0B7120CE8C0B001C8DF1 /* Assets.xcassets */,
				17DC0B7320CE8C0B001C8DF1 /* LaunchScreen.storyboard */,
				17DC0B7620CE8C0B001C8DF1 /* Info.plist */,
				17DC0B7C20CE96D6001C8DF1 /* BluetoothSerial.swift */,
				17DC0B7E20CE9B2B001C8DF1 /* ScannerViewController.swift */,
				179C11D620DC4B7900EF9726 /* Pedestrian.swift */,
				179C11D820DC4CD300EF9726 /* Subway.swift */,
				179C11DA20DC501100EF9726 /* Wagon.swift */,
				179C11DC20DC511A00EF9726 /* Constants.swift */,
				179C11DE20DC683E00EF9726 /* DistanceExtension.swift */,
			);
			path = "Escaping Flatlands";
			sourceTree = "<group>";
		};
/* End PBXGroup section */

/* Begin PBXNativeTarget section */
		17DC0B6420CE8C09001C8DF1 /* Escaping Flatlands */ = {
			isa = PBXNativeTarget;
			buildConfigurationList = 17DC0B7920CE8C0B001C8DF1 /* Build configuration list for PBXNativeTarget "Escaping Flatlands" */;
			buildPhases = (
				17DC0B6120CE8C09001C8DF1 /* Sources */,
				17DC0B6220CE8C09001C8DF1 /* Frameworks */,
				17DC0B6320CE8C09001C8DF1 /* Resources */,
			);
			buildRules = (
			);
			dependencies = (
			);
			name = "Escaping Flatlands";
			productName = "Escaping Flatlands";
			productReference = 17DC0B6520CE8C09001C8DF1 /* Escaping Flatlands.app */;
			productType = "com.apple.product-type.application";
		};
/* End PBXNativeTarget section */

/* Begin PBXProject section */
		17DC0B5D20CE8C09001C8DF1 /* Project object */ = {
			isa = PBXProject;
			attributes = {
				LastSwiftUpdateCheck = 0930;
				LastUpgradeCheck = 0930;
				ORGANIZATIONNAME = Philipp;
				TargetAttributes = {
					17DC0B6420CE8C09001C8DF1 = {
						CreatedOnToolsVersion = 9.3;
					};
				};
			};
			buildConfigurationList = 17DC0B6020CE8C09001C8DF1 /* Build configuration list for PBXProject "Escaping Flatlands" */;
			compatibilityVersion = "Xcode 9.3";
			developmentRegion = en;
			hasScannedForEncodings = 0;
			knownRegions = (
				en,
				Base,
			);
			mainGroup = 17DC0B5C20CE8C09001C8DF1;
			productRefGroup = 17DC0B6620CE8C09001C8DF1 /* Products */;
			projectDirPath = "";
			projectRoot = "";
			targets = (
				17DC0B6420CE8C09001C8DF1 /* Escaping Flatlands */,
			);
		};
/* End PBXProject section */

/* Begin PBXResourcesBuildPhase section */
		17DC0B6320CE8C09001C8DF1 /* Resources */ = {
			isa = PBXResourcesBuildPhase;
			buildActionMask = 2147483647;
			files = (
				17DC0B6B20CE8C09001C8DF1 /* art.scnassets in Resources */,
				17DC0B7520CE8C0B001C8DF1 /* LaunchScreen.storyboard in Resources */,
				17DC0B7220CE8C0B001C8DF1 /* Assets.xcassets in Resources */,
				17DC0B7020CE8C09001C8DF1 /* Main.storyboard in Resources */,
			);
			runOnlyForDeploymentPostprocessing = 0;
		};
/* End PBXResourcesBuildPhase section */

/* Begin PBXSourcesBuildPhase section */
		17DC0B6120CE8C09001C8DF1 /* Sources */ = {
			isa = PBXSourcesBuildPhase;
			buildActionMask = 2147483647;
			files = (
				179C11D720DC4B7900EF9726 /* Pedestrian.swift in Sources */,
				17DC0B6D20CE8C09001C8DF1 /* ViewController.swift in Sources */,
				179C11DF20DC683E00EF9726 /* DistanceExtension.swift in Sources */,
				17DC0B6920CE8C09001C8DF1 /* AppDelegate.swift in Sources */,
				17DC0B7D20CE96D6001C8DF1 /* BluetoothSerial.swift in Sources */,
				179C11D920DC4CD300EF9726 /* Subway.swift in Sources */,
				17DC0B7F20CE9B2B001C8DF1 /* ScannerViewController.swift in Sources */,
				179C11DB20DC501100EF9726 /* Wagon.swift in Sources */,
				179C11DD20DC511A00EF9726 /* Constants.swift in Sources */,
			);
			runOnlyForDeploymentPostprocessing = 0;
		};
/* End PBXSourcesBuildPhase section */

/* Begin PBXVariantGroup section */
		17DC0B6E20CE8C09001C8DF1 /* Main.storyboard */ = {
			isa = PBXVariantGroup;
			children = (
				17DC0B6F20CE8C09001C8DF1 /* Base */,
			);
			name = Main.storyboard;
			sourceTree = "<group>";
		};
		17DC0B7320CE8C0B001C8DF1 /* LaunchScreen.storyboard */ = {
			isa = PBXVariantGroup;
			children = (
				17DC0B7420CE8C0B001C8DF1 /* Base */,
			);
			name = LaunchScreen.storyboard;
			sourceTree = "<group>";
		};
/* End PBXVariantGroup section */

/* Begin XCBuildConfiguration section */
		17DC0B7720CE8C0B001C8DF1 /* Debug */ = {
			isa = XCBuildConfiguration;
			buildSettings = {
				ALWAYS_SEARCH_USER_PATHS = NO;
				CLANG_ANALYZER_NONNULL = YES;
				CLANG_ANALYZER_NUMBER_OBJECT_CONVERSION = YES_AGGRESSIVE;
				CLANG_CXX_LANGUAGE_STANDARD = "gnu++14";
				CLANG_CXX_LIBRARY = "libc++";
				CLANG_ENABLE_MODULES = YES;
				CLANG_ENABLE_OBJC_ARC = YES;
				CLANG_ENABLE_OBJC_WEAK = YES;
				CLANG_WARN_BLOCK_CAPTURE_AUTORELEASING = YES;
				CLANG_WARN_BOOL_CONVERSION = YES;
				CLANG_WARN_COMMA = YES;
				CLANG_WARN_CONSTANT_CONVERSION = YES;
				CLANG_WARN_DEPRECATED_OBJC_IMPLEMENTATIONS = YES;
				CLANG_WARN_DIRECT_OBJC_ISA_USAGE = YES_ERROR;
				CLANG_WARN_DOCUMENTATION_COMMENTS = YES;
				CLANG_WARN_EMPTY_BODY = YES;
				CLANG_WARN_ENUM_CONVERSION = YES;
				CLANG_WARN_INFINITE_RECURSION = YES;
				CLANG_WARN_INT_CONVERSION = YES;
				CLANG_WARN_NON_LITERAL_NULL_CONVERSION = YES;
				CLANG_WARN_OBJC_IMPLICIT_RETAIN_SELF = YES;
				CLANG_WARN_OBJC_LITERAL_CONVERSION = YES;
				CLANG_WARN_OBJC_ROOT_CLASS = YES_ERROR;
				CLANG_WARN_RANGE_LOOP_ANALYSIS = YES;
				CLANG_WARN_STRICT_PROTOTYPES = YES;
				CLANG_WARN_SUSPICIOUS_MOVE = YES;
				CLANG_WARN_UNGUARDED_AVAILABILITY = YES_AGGRESSIVE;
				CLANG_WARN_UNREACHABLE_CODE = YES;
				CLANG_WARN__DUPLICATE_METHOD_MATCH = YES;
				CODE_SIGN_IDENTITY = "iPhone Developer";
				COPY_PHASE_STRIP = NO;
				DEBUG_INFORMATION_FORMAT = dwarf;
				ENABLE_STRICT_OBJC_MSGSEND = YES;
				ENABLE_TESTABILITY = YES;
				GCC_C_LANGUAGE_STANDARD = gnu11;
				GCC_DYNAMIC_NO_PIC = NO;
				GCC_NO_COMMON_BLOCKS = YES;
				GCC_OPTIMIZATION_LEVEL = 0;
				GCC_PREPROCESSOR_DEFINITIONS = (
					"DEBUG=1",
					"$(inherited)",
				);
				GCC_WARN_64_TO_32_BIT_CONVERSION = YES;
				GCC_WARN_ABOUT_RETURN_TYPE = YES_ERROR;
				GCC_WARN_UNDECLARED_SELECTOR = YES;
				GCC_WARN_UNINITIALIZED_AUTOS = YES_AGGRESSIVE;
				GCC_WARN_UNUSED_FUNCTION = YES;
				GCC_WARN_UNUSED_VARIABLE = YES;
				IPHONEOS_DEPLOYMENT_TARGET = 11.3;
				MTL_ENABLE_DEBUG_INFO = YES;
				ONLY_ACTIVE_ARCH = YES;
				SDKROOT = iphoneos;
				SWIFT_ACTIVE_COMPILATION_CONDITIONS = DEBUG;
				SWIFT_OPTIMIZATION_LEVEL = "-Onone";
			};
			name = Debug;
		};
		17DC0B7820CE8C0B001C8DF1 /* Release */ = {
			isa = XCBuildConfiguration;
			buildSettings = {
				ALWAYS_SEARCH_USER_PATHS = NO;
				CLANG_ANALYZER_NONNULL = YES;
				CLANG_ANALYZER_NUMBER_OBJECT_CONVERSION = YES_AGGRESSIVE;
				CLANG_CXX_LANGUAGE_STANDARD = "gnu++14";
				CLANG_CXX_LIBRARY = "libc++";
				CLANG_ENABLE_MODULES = YES;
				CLANG_ENABLE_OBJC_ARC = YES;
				CLANG_ENABLE_OBJC_WEAK = YES;
				CLANG_WARN_BLOCK_CAPTURE_AUTORELEASING = YES;
				CLANG_WARN_BOOL_CONVERSION = YES;
				CLANG_WARN_COMMA = YES;
				CLANG_WARN_CONSTANT_CONVERSION = YES;
				CLANG_WARN_DEPRECATED_OBJC_IMPLEMENTATIONS = YES;
				CLANG_WARN_DIRECT_OBJC_ISA_USAGE = YES_ERROR;
				CLANG_WARN_DOCUMENTATION_COMMENTS = YES;
				CLANG_WARN_EMPTY_BODY = YES;
				CLANG_WARN_ENUM_CONVERSION = YES;
				CLANG_WARN_INFINITE_RECURSION = YES;
				CLANG_WARN_INT_CONVERSION = YES;
				CLANG_WARN_NON_LITERAL_NULL_CONVERSION = YES;
				CLANG_WARN_OBJC_IMPLICIT_RETAIN_SELF = YES;
				CLANG_WARN_OBJC_LITERAL_CONVERSION = YES;
				CLANG_WARN_OBJC_ROOT_CLASS = YES_ERROR;
				CLANG_WARN_RANGE_LOOP_ANALYSIS = YES;
				CLANG_WARN_STRICT_PROTOTYPES = YES;
				CLANG_WARN_SUSPICIOUS_MOVE = YES;
				CLANG_WARN_UNGUARDED_AVAILABILITY = YES_AGGRESSIVE;
				CLANG_WARN_UNREACHABLE_CODE = YES;
				CLANG_WARN__DUPLICATE_METHOD_MATCH = YES;
				CODE_SIGN_IDENTITY = "iPhone Developer";
				COPY_PHASE_STRIP = NO;
				DEBUG_INFORMATION_FORMAT = "dwarf-with-dsym";
				ENABLE_NS_ASSERTIONS = NO;
				ENABLE_STRICT_OBJC_MSGSEND = YES;
				GCC_C_LANGUAGE_STANDARD = gnu11;
				GCC_NO_COMMON_BLOCKS = YES;
				GCC_WARN_64_TO_32_BIT_CONVERSION = YES;
				GCC_WARN_ABOUT_RETURN_TYPE = YES_ERROR;
				GCC_WARN_UNDECLARED_SELECTOR = YES;
				GCC_WARN_UNINITIALIZED_AUTOS = YES_AGGRESSIVE;
				GCC_WARN_UNUSED_FUNCTION = YES;
				GCC_WARN_UNUSED_VARIABLE = YES;
				IPHONEOS_DEPLOYMENT_TARGET = 11.3;
				MTL_ENABLE_DEBUG_INFO = NO;
				SDKROOT = iphoneos;
				SWIFT_COMPILATION_MODE = wholemodule;
				SWIFT_OPTIMIZATION_LEVEL = "-O";
				VALIDATE_PRODUCT = YES;
			};
			name = Release;
		};
		17DC0B7A20CE8C0B001C8DF1 /* Debug */ = {
			isa = XCBuildConfiguration;
			buildSettings = {
				ASSETCATALOG_COMPILER_APPICON_NAME = AppIcon;
				CODE_SIGN_STYLE = Automatic;
				DEVELOPMENT_TEAM = 6X6VW9NKB6;
				INFOPLIST_FILE = "Escaping Flatlands/Info.plist";
				LD_RUNPATH_SEARCH_PATHS = (
					"$(inherited)",
					"@executable_path/Frameworks",
				);
				PRODUCT_BUNDLE_IDENTIFIER = io.deap.EscapingFlatlands;
				PRODUCT_NAME = "$(TARGET_NAME)";
				SWIFT_VERSION = 4.0;
				TARGETED_DEVICE_FAMILY = "1,2";
			};
			name = Debug;
		};
		17DC0B7B20CE8C0B001C8DF1 /* Release */ = {
			isa = XCBuildConfiguration;
			buildSettings = {
				ASSETCATALOG_COMPILER_APPICON_NAME = AppIcon;
				CODE_SIGN_STYLE = Automatic;
				DEVELOPMENT_TEAM = 6X6VW9NKB6;
				INFOPLIST_FILE = "Escaping Flatlands/Info.plist";
				LD_RUNPATH_SEARCH_PATHS = (
					"$(inherited)",
					"@executable_path/Frameworks",
				);
				PRODUCT_BUNDLE_IDENTIFIER = io.deap.EscapingFlatlands;
				PRODUCT_NAME = "$(TARGET_NAME)";
				SWIFT_VERSION = 4.0;
				TARGETED_DEVICE_FAMILY = "1,2";
			};
			name = Release;
		};
/* End XCBuildConfiguration section */

/* Begin XCConfigurationList section */
		17DC0B6020CE8C09001C8DF1 /* Build configuration list for PBXProject "Escaping Flatlands" */ = {
			isa = XCConfigurationList;
			buildConfigurations = (
				17DC0B7720CE8C0B001C8DF1 /* Debug */,
				17DC0B7820CE8C0B001C8DF1 /* Release */,
			);
			defaultConfigurationIsVisible = 0;
			defaultConfigurationName = Release;
		};
		17DC0B7920CE8C0B001C8DF1 /* Build configuration list for PBXNativeTarget "Escaping Flatlands" */ = {
			isa = XCConfigurationList;
			buildConfigurations = (
				17DC0B7A20CE8C0B001C8DF1 /* Debug */,
				17DC0B7B20CE8C0B001C8DF1 /* Release */,
			);
			defaultConfigurationIsVisible = 0;
			defaultConfigurationName = Release;
		};
/* End XCConfigurationList section */
	};
	rootObject = 17DC0B5D20CE8C09001C8DF1 /* Project object */;
}
